
Microsoft Visual Studio Solution File, Format Version 12.00
# Visual Studio 14
VisualStudioVersion = 14.0.23107.0
MinimumVisualStudioVersion = 10.0.40219.1
Project("{8BC9CEB8-8B4A-11D0-8D11-00A0C91BC942}") = "PiSlicer", "PiSlicer\PiSlicer.vcxproj", "{2D226CFE-9BAB-449B-91E2-92F170CE6558}"
EndProject
Project("{2150E333-8FDC-42A3-9474-1A3956D46DE8}") = "Solution FIles", "Solution FIles", "{1226C855-BAF8-4063-92DD-54EA8D538BE1}"
	ProjectSection(SolutionItems) = preProject
		breadboard-overlay.dts = breadboard-overlay.dts
		LICENSE = LICENSE
		README.md = README.md
		SConstruct = SConstruct
	EndProjectSection
EndProject
Project("{8BC9CEB8-8B4A-11D0-8D11-00A0C91BC942}") = "HelloWorld", "HelloWorld\HelloWorld.vcxproj", "{23D0B23B-3F08-4F7C-87BE-7B4BBEACC7BC}"
EndProject
Project("{2150E333-8FDC-42A3-9474-1A3956D46DE8}") = "gpio-segled", "gpio-segled", "{D34921C3-C702-4399-A01C-C8585F8E7B6F}"
	ProjectSection(SolutionItems) = preProject
		gpio-segled\gpio-segled.c = gpio-segled\gpio-segled.c
		gpio-segled\Makefile = gpio-segled\Makefile
		gpio-segled\SConscript = gpio-segled\SConscript
	EndProjectSection
EndProject
Global
	GlobalSection(SolutionConfigurationPlatforms) = preSolution
		Debug|x64 = Debug|x64
		Debug|x86 = Debug|x86
		Release|x64 = Release|x64
		Release|x86 = Release|x86
	EndGlobalSection
	GlobalSection(ProjectConfigurationPlatforms) = postSolution
		{2D226CFE-9BAB-449B-91E2-92F170CE6558}.Debug|x64.ActiveCfg = Debug|x64
		{2D226CFE-9BAB-449B-91E2-92F170CE6558}.Debug|x64.Build.0 = Debug|x64
		{2D226CFE-9BAB-449B-91E2-92F170CE6558}.Debug|x86.ActiveCfg = Debug|Win32
		{2D226CFE-9BAB-449B-91E2-92F170CE6558}.Debug|x86.Build.0 = Debug|Win32
		{2D226CFE-9BAB-449B-91E2-92F170CE6558}.Release|x64.ActiveCfg = Release|x64
		{2D226CFE-9BAB-449B-91E2-92F170CE6558}.Release|x64.Build.0 = Release|x64
		{2D226CFE-9BAB-449B-91E2-92F170CE6558}.Release|x86.ActiveCfg = Release|Win32
		{2D226CFE-9BAB-449B-91E2-92F170CE6558}.Release|x86.Build.0 = Release|Win32
		{23D0B23B-3F08-4F7C-87BE-7B4BBEACC7BC}.Debug|x64.ActiveCfg = Debug|x64
		{23D0B23B-3F08-4F7C-87BE-7B4BBEACC7BC}.Debug|x64.Build.0 = Debug|x64
		{23D0B23B-3F08-4F7C-87BE-7B4BBEACC7BC}.Debug|x86.ActiveCfg = Debug|Win32
		{23D0B23B-3F08-4F7C-87BE-7B4BBEACC7BC}.Debug|x86.Build.0 = Debug|Win32
		{23D0B23B-3F08-4F7C-87BE-7B4BBEACC7BC}.Release|x64.ActiveCfg = Release|x64
		{23D0B23B-3F08-4F7C-87BE-7B4BBEACC7BC}.Release|x64.Build.0 = Release|x64
		{23D0B23B-3F08-4F7C-87BE-7B4BBEACC7BC}.Release|x86.ActiveCfg = Release|Win32
		{23D0B23B-3F08-4F7C-87BE-7B4BBEACC7BC}.Release|x86.Build.0 = Release|Win32
	EndGlobalSection
	GlobalSection(SolutionProperties) = preSolution
		HideSolutionNode = FALSE
	EndGlobalSection
EndGlobal
